// !$*UTF8*$!
{
	archiveVersion = 1;
	classes = {
	};
	objectVersion = 77;
	objects = {

/* Begin PBXBuildFile section */
		55A521C42E7C159500C02BC3 /* WidgetKit.framework in Frameworks */ = {isa = PBXBuildFile; fileRef = 55A521C32E7C159500C02BC3 /* WidgetKit.framework */; };
		55A521C62E7C159500C02BC3 /* SwiftUI.framework in Frameworks */ = {isa = PBXBuildFile; fileRef = 55A521C52E7C159500C02BC3 /* SwiftUI.framework */; };
		55A521D12E7C159600C02BC3 /* RunMungWidgetExtensionExtension.appex in Embed Foundation Extensions */ = {isa = PBXBuildFile; fileRef = 55A521C22E7C159500C02BC3 /* RunMungWidgetExtensionExtension.appex */; settings = {ATTRIBUTES = (RemoveHeadersOnCopy, ); }; };
/* End PBXBuildFile section */

/* Begin PBXContainerItemProxy section */
		55A0333A2E716489007E2A06 /* PBXContainerItemProxy */ = {
			isa = PBXContainerItemProxy;
			containerPortal = 55A033222E716487007E2A06 /* Project object */;
			proxyType = 1;
			remoteGlobalIDString = 55A033292E716488007E2A06;
			remoteInfo = RunMung;
		};
		55A033442E716489007E2A06 /* PBXContainerItemProxy */ = {
			isa = PBXContainerItemProxy;
			containerPortal = 55A033222E716487007E2A06 /* Project object */;
			proxyType = 1;
			remoteGlobalIDString = 55A033292E716488007E2A06;
			remoteInfo = RunMung;
		};
		55A521CF2E7C159600C02BC3 /* PBXContainerItemProxy */ = {
			isa = PBXContainerItemProxy;
			containerPortal = 55A033222E716487007E2A06 /* Project object */;
			proxyType = 1;
			remoteGlobalIDString = 55A521C12E7C159500C02BC3;
			remoteInfo = RunMungWidgetExtensionExtension;
		};
/* End PBXContainerItemProxy section */

/* Begin PBXCopyFilesBuildPhase section */
		55A521D62E7C159600C02BC3 /* Embed Foundation Extensions */ = {
			isa = PBXCopyFilesBuildPhase;
			buildActionMask = 2147483647;
			dstPath = "";
			dstSubfolderSpec = 13;
			files = (
				55A521D12E7C159600C02BC3 /* RunMungWidgetExtensionExtension.appex in Embed Foundation Extensions */,
			);
			name = "Embed Foundation Extensions";
			runOnlyForDeploymentPostprocessing = 0;
		};
/* End PBXCopyFilesBuildPhase section */

/* Begin PBXFileReference section */
		55A0332A2E716488007E2A06 /* RunMung.app */ = {isa = PBXFileReference; explicitFileType = wrapper.application; includeInIndex = 0; path = RunMung.app; sourceTree = BUILT_PRODUCTS_DIR; };
		55A033392E716489007E2A06 /* RunMungTests.xctest */ = {isa = PBXFileReference; explicitFileType = wrapper.cfbundle; includeInIndex = 0; path = RunMungTests.xctest; sourceTree = BUILT_PRODUCTS_DIR; };
		55A033432E716489007E2A06 /* RunMungUITests.xctest */ = {isa = PBXFileReference; explicitFileType = wrapper.cfbundle; includeInIndex = 0; path = RunMungUITests.xctest; sourceTree = BUILT_PRODUCTS_DIR; };
		55A521C22E7C159500C02BC3 /* RunMungWidgetExtensionExtension.appex */ = {isa = PBXFileReference; explicitFileType = "wrapper.app-extension"; includeInIndex = 0; path = RunMungWidgetExtensionExtension.appex; sourceTree = BUILT_PRODUCTS_DIR; };
		55A521C32E7C159500C02BC3 /* WidgetKit.framework */ = {isa = PBXFileReference; lastKnownFileType = wrapper.framework; name = WidgetKit.framework; path = System/Library/Frameworks/WidgetKit.framework; sourceTree = SDKROOT; };
		55A521C52E7C159500C02BC3 /* SwiftUI.framework */ = {isa = PBXFileReference; lastKnownFileType = wrapper.framework; name = SwiftUI.framework; path = System/Library/Frameworks/SwiftUI.framework; sourceTree = SDKROOT; };
/* End PBXFileReference section */

/* Begin PBXFileSystemSynchronizedBuildFileExceptionSet section */
		55A521D52E7C159600C02BC3 /* Exceptions for "RunMungWidgetExtension" folder in "RunMungWidgetExtensionExtension" target */ = {
			isa = PBXFileSystemSynchronizedBuildFileExceptionSet;
			membershipExceptions = (
				Info.plist,
			);
			target = 55A521C12E7C159500C02BC3 /* RunMungWidgetExtensionExtension */;
		};
		55A521D82E7C178700C02BC3 /* Exceptions for "RunMungWidgetExtension" folder in "RunMung" target */ = {
			isa = PBXFileSystemSynchronizedBuildFileExceptionSet;
			membershipExceptions = (
				RunMungWidgetExtension.swift,
			);
			target = 55A033292E716488007E2A06 /* RunMung */;
		};
		55A521DA2E7C17DF00C02BC3 /* Exceptions for "RunMung" folder in "RunMungWidgetExtensionExtension" target */ = {
			isa = PBXFileSystemSynchronizedBuildFileExceptionSet;
			membershipExceptions = (
				Components/WalkRecord/TimerAttributes.swift,
			);
			target = 55A521C12E7C159500C02BC3 /* RunMungWidgetExtensionExtension */;
		};
		55DA9AF42E799A4000620288 /* Exceptions for "RunMung" folder in "RunMung" target */ = {
			isa = PBXFileSystemSynchronizedBuildFileExceptionSet;
			membershipExceptions = (
				Info.plist,
			);
			target = 55A033292E716488007E2A06 /* RunMung */;
		};
/* End PBXFileSystemSynchronizedBuildFileExceptionSet section */

/* Begin PBXFileSystemSynchronizedRootGroup section */
		55A0332C2E716488007E2A06 /* RunMung */ = {
			isa = PBXFileSystemSynchronizedRootGroup;
			exceptions = (
				55DA9AF42E799A4000620288 /* Exceptions for "RunMung" folder in "RunMung" target */,
				55A521DA2E7C17DF00C02BC3 /* Exceptions for "RunMung" folder in "RunMungWidgetExtensionExtension" target */,
			);
			path = RunMung;
			sourceTree = "<group>";
		};
		55A521C72E7C159500C02BC3 /* RunMungWidgetExtension */ = {
			isa = PBXFileSystemSynchronizedRootGroup;
			exceptions = (
				55A521D82E7C178700C02BC3 /* Exceptions for "RunMungWidgetExtension" folder in "RunMung" target */,
				55A521D52E7C159600C02BC3 /* Exceptions for "RunMungWidgetExtension" folder in "RunMungWidgetExtensionExtension" target */,
			);
			path = RunMungWidgetExtension;
			sourceTree = "<group>";
		};
/* End PBXFileSystemSynchronizedRootGroup section */

/* Begin PBXFrameworksBuildPhase section */
		55A033272E716488007E2A06 /* Frameworks */ = {
			isa = PBXFrameworksBuildPhase;
			buildActionMask = 2147483647;
			files = (
			);
			runOnlyForDeploymentPostprocessing = 0;
		};
		55A033362E716489007E2A06 /* Frameworks */ = {
			isa = PBXFrameworksBuildPhase;
			buildActionMask = 2147483647;
			files = (
			);
			runOnlyForDeploymentPostprocessing = 0;
		};
		55A033402E716489007E2A06 /* Frameworks */ = {
			isa = PBXFrameworksBuildPhase;
			buildActionMask = 2147483647;
			files = (
			);
			runOnlyForDeploymentPostprocessing = 0;
		};
		55A521BF2E7C159500C02BC3 /* Frameworks */ = {
			isa = PBXFrameworksBuildPhase;
			buildActionMask = 2147483647;
			files = (
				55A521C62E7C159500C02BC3 /* SwiftUI.framework in Frameworks */,
				55A521C42E7C159500C02BC3 /* WidgetKit.framework in Frameworks */,
			);
			runOnlyForDeploymentPostprocessing = 0;
		};
/* End PBXFrameworksBuildPhase section */

/* Begin PBXGroup section */
		55A033212E716487007E2A06 = {
			isa = PBXGroup;
			children = (
				55A0332C2E716488007E2A06 /* RunMung */,
				55A521C72E7C159500C02BC3 /* RunMungWidgetExtension */,
				55A520DF2E7BEFA700C02BC3 /* Frameworks */,
				55A0332B2E716488007E2A06 /* Products */,
			);
			sourceTree = "<group>";
		};
		55A0332B2E716488007E2A06 /* Products */ = {
			isa = PBXGroup;
			children = (
				55A0332A2E716488007E2A06 /* RunMung.app */,
				55A033392E716489007E2A06 /* RunMungTests.xctest */,
				55A033432E716489007E2A06 /* RunMungUITests.xctest */,
				55A521C22E7C159500C02BC3 /* RunMungWidgetExtensionExtension.appex */,
			);
			name = Products;
			sourceTree = "<group>";
		};
		55A520DF2E7BEFA700C02BC3 /* Frameworks */ = {
			isa = PBXGroup;
			children = (
				55A521C32E7C159500C02BC3 /* WidgetKit.framework */,
				55A521C52E7C159500C02BC3 /* SwiftUI.framework */,
			);
			name = Frameworks;
			sourceTree = "<group>";
		};
/* End PBXGroup section */

/* Begin PBXNativeTarget section */
		55A033292E716488007E2A06 /* RunMung */ = {
			isa = PBXNativeTarget;
			buildConfigurationList = 55A0334D2E716489007E2A06 /* Build configuration list for PBXNativeTarget "RunMung" */;
			buildPhases = (
				55A033262E716488007E2A06 /* Sources */,
				55A033272E716488007E2A06 /* Frameworks */,
				55A033282E716488007E2A06 /* Resources */,
				55A521D62E7C159600C02BC3 /* Embed Foundation Extensions */,
			);
			buildRules = (
			);
			dependencies = (
				55A521D02E7C159600C02BC3 /* PBXTargetDependency */,
			);
			fileSystemSynchronizedGroups = (
				55A0332C2E716488007E2A06 /* RunMung */,
			);
			name = RunMung;
			packageProductDependencies = (
			);
			productName = RunMung;
			productReference = 55A0332A2E716488007E2A06 /* RunMung.app */;
			productType = "com.apple.product-type.application";
		};
		55A033382E716489007E2A06 /* RunMungTests */ = {
			isa = PBXNativeTarget;
			buildConfigurationList = 55A033502E716489007E2A06 /* Build configuration list for PBXNativeTarget "RunMungTests" */;
			buildPhases = (
				55A033352E716489007E2A06 /* Sources */,
				55A033362E716489007E2A06 /* Frameworks */,
				55A033372E716489007E2A06 /* Resources */,
			);
			buildRules = (
			);
			dependencies = (
				55A0333B2E716489007E2A06 /* PBXTargetDependency */,
			);
			name = RunMungTests;
			packageProductDependencies = (
			);
			productName = RunMungTests;
			productReference = 55A033392E716489007E2A06 /* RunMungTests.xctest */;
			productType = "com.apple.product-type.bundle.unit-test";
		};
		55A033422E716489007E2A06 /* RunMungUITests */ = {
			isa = PBXNativeTarget;
			buildConfigurationList = 55A033532E716489007E2A06 /* Build configuration list for PBXNativeTarget "RunMungUITests" */;
			buildPhases = (
				55A0333F2E716489007E2A06 /* Sources */,
				55A033402E716489007E2A06 /* Frameworks */,
				55A033412E716489007E2A06 /* Resources */,
			);
			buildRules = (
			);
			dependencies = (
				55A033452E716489007E2A06 /* PBXTargetDependency */,
			);
			name = RunMungUITests;
			packageProductDependencies = (
			);
			productName = RunMungUITests;
			productReference = 55A033432E716489007E2A06 /* RunMungUITests.xctest */;
			productType = "com.apple.product-type.bundle.ui-testing";
		};
		55A521C12E7C159500C02BC3 /* RunMungWidgetExtensionExtension */ = {
			isa = PBXNativeTarget;
			buildConfigurationList = 55A521D22E7C159600C02BC3 /* Build configuration list for PBXNativeTarget "RunMungWidgetExtensionExtension" */;
			buildPhases = (
				55A521BE2E7C159500C02BC3 /* Sources */,
				55A521BF2E7C159500C02BC3 /* Frameworks */,
				55A521C02E7C159500C02BC3 /* Resources */,
			);
			buildRules = (
			);
			dependencies = (
			);
			fileSystemSynchronizedGroups = (
				55A521C72E7C159500C02BC3 /* RunMungWidgetExtension */,
			);
			name = RunMungWidgetExtensionExtension;
			packageProductDependencies = (
			);
			productName = RunMungWidgetExtensionExtension;
			productReference = 55A521C22E7C159500C02BC3 /* RunMungWidgetExtensionExtension.appex */;
			productType = "com.apple.product-type.app-extension";
		};
/* End PBXNativeTarget section */

/* Begin PBXProject section */
		55A033222E716487007E2A06 /* Project object */ = {
			isa = PBXProject;
			attributes = {
				BuildIndependentTargetsInParallel = 1;
				LastSwiftUpdateCheck = 1640;
				LastUpgradeCheck = 1640;
				TargetAttributes = {
					55A033292E716488007E2A06 = {
						CreatedOnToolsVersion = 16.4;
					};
					55A033382E716489007E2A06 = {
						CreatedOnToolsVersion = 16.4;
						TestTargetID = 55A033292E716488007E2A06;
					};
					55A033422E716489007E2A06 = {
						CreatedOnToolsVersion = 16.4;
						TestTargetID = 55A033292E716488007E2A06;
					};
					55A521C12E7C159500C02BC3 = {
						CreatedOnToolsVersion = 16.4;
					};
				};
			};
			buildConfigurationList = 55A033252E716487007E2A06 /* Build configuration list for PBXProject "RunMung" */;
			developmentRegion = en;
			hasScannedForEncodings = 0;
			knownRegions = (
				en,
				Base,
			);
			mainGroup = 55A033212E716487007E2A06;
			minimizedProjectReferenceProxies = 1;
			packageReferences = (
			);
			preferredProjectObjectVersion = 77;
			productRefGroup = 55A0332B2E716488007E2A06 /* Products */;
			projectDirPath = "";
			projectRoot = "";
			targets = (
				55A033292E716488007E2A06 /* RunMung */,
				55A033382E716489007E2A06 /* RunMungTests */,
				55A033422E716489007E2A06 /* RunMungUITests */,
				55A521C12E7C159500C02BC3 /* RunMungWidgetExtensionExtension */,
			);
		};
/* End PBXProject section */

/* Begin PBXResourcesBuildPhase section */
		55A033282E716488007E2A06 /* Resources */ = {
			isa = PBXResourcesBuildPhase;
			buildActionMask = 2147483647;
			files = (
			);
			runOnlyForDeploymentPostprocessing = 0;
		};
		55A033372E716489007E2A06 /* Resources */ = {
			isa = PBXResourcesBuildPhase;
			buildActionMask = 2147483647;
			files = (
			);
			runOnlyForDeploymentPostprocessing = 0;
		};
		55A033412E716489007E2A06 /* Resources */ = {
			isa = PBXResourcesBuildPhase;
			buildActionMask = 2147483647;
			files = (
			);
			runOnlyForDeploymentPostprocessing = 0;
		};
		55A521C02E7C159500C02BC3 /* Resources */ = {
			isa = PBXResourcesBuildPhase;
			buildActionMask = 2147483647;
			files = (
			);
			runOnlyForDeploymentPostprocessing = 0;
		};
/* End PBXResourcesBuildPhase section */

/* Begin PBXSourcesBuildPhase section */
		55A033262E716488007E2A06 /* Sources */ = {
			isa = PBXSourcesBuildPhase;
			buildActionMask = 2147483647;
			files = (
			);
			runOnlyForDeploymentPostprocessing = 0;
		};
		55A033352E716489007E2A06 /* Sources */ = {
			isa = PBXSourcesBuildPhase;
			buildActionMask = 2147483647;
			files = (
			);
			runOnlyForDeploymentPostprocessing = 0;
		};
		55A0333F2E716489007E2A06 /* Sources */ = {
			isa = PBXSourcesBuildPhase;
			buildActionMask = 2147483647;
			files = (
			);
			runOnlyForDeploymentPostprocessing = 0;
		};
		55A521BE2E7C159500C02BC3 /* Sources */ = {
			isa = PBXSourcesBuildPhase;
			buildActionMask = 2147483647;
			files = (
			);
			runOnlyForDeploymentPostprocessing = 0;
		};
/* End PBXSourcesBuildPhase section */

/* Begin PBXTargetDependency section */
		55A0333B2E716489007E2A06 /* PBXTargetDependency */ = {
			isa = PBXTargetDependency;
			target = 55A033292E716488007E2A06 /* RunMung */;
			targetProxy = 55A0333A2E716489007E2A06 /* PBXContainerItemProxy */;
		};
		55A033452E716489007E2A06 /* PBXTargetDependency */ = {
			isa = PBXTargetDependency;
			target = 55A033292E716488007E2A06 /* RunMung */;
			targetProxy = 55A033442E716489007E2A06 /* PBXContainerItemProxy */;
		};
		55A521D02E7C159600C02BC3 /* PBXTargetDependency */ = {
			isa = PBXTargetDependency;
			target = 55A521C12E7C159500C02BC3 /* RunMungWidgetExtensionExtension */;
			targetProxy = 55A521CF2E7C159600C02BC3 /* PBXContainerItemProxy */;
		};
/* End PBXTargetDependency section */

/* Begin XCBuildConfiguration section */
		55A0334B2E716489007E2A06 /* Debug */ = {
			isa = XCBuildConfiguration;
			buildSettings = {
				ALWAYS_SEARCH_USER_PATHS = NO;
				ASSETCATALOG_COMPILER_GENERATE_SWIFT_ASSET_SYMBOL_EXTENSIONS = YES;
				CLANG_ANALYZER_NONNULL = YES;
				CLANG_ANALYZER_NUMBER_OBJECT_CONVERSION = YES_AGGRESSIVE;
				CLANG_CXX_LANGUAGE_STANDARD = "gnu++20";
				CLANG_ENABLE_MODULES = YES;
				CLANG_ENABLE_OBJC_ARC = YES;
				CLANG_ENABLE_OBJC_WEAK = YES;
				CLANG_WARN_BLOCK_CAPTURE_AUTORELEASING = YES;
				CLANG_WARN_BOOL_CONVERSION = YES;
				CLANG_WARN_COMMA = YES;
				CLANG_WARN_CONSTANT_CONVERSION = YES;
				CLANG_WARN_DEPRECATED_OBJC_IMPLEMENTATIONS = YES;
				CLANG_WARN_DIRECT_OBJC_ISA_USAGE = YES_ERROR;
				CLANG_WARN_DOCUMENTATION_COMMENTS = YES;
				CLANG_WARN_EMPTY_BODY = YES;
				CLANG_WARN_ENUM_CONVERSION = YES;
				CLANG_WARN_INFINITE_RECURSION = YES;
				CLANG_WARN_INT_CONVERSION = YES;
				CLANG_WARN_NON_LITERAL_NULL_CONVERSION = YES;
				CLANG_WARN_OBJC_IMPLICIT_RETAIN_SELF = YES;
				CLANG_WARN_OBJC_LITERAL_CONVERSION = YES;
				CLANG_WARN_OBJC_ROOT_CLASS = YES_ERROR;
				CLANG_WARN_QUOTED_INCLUDE_IN_FRAMEWORK_HEADER = YES;
				CLANG_WARN_RANGE_LOOP_ANALYSIS = YES;
				CLANG_WARN_STRICT_PROTOTYPES = YES;
				CLANG_WARN_SUSPICIOUS_MOVE = YES;
				CLANG_WARN_UNGUARDED_AVAILABILITY = YES_AGGRESSIVE;
				CLANG_WARN_UNREACHABLE_CODE = YES;
				CLANG_WARN__DUPLICATE_METHOD_MATCH = YES;
				COPY_PHASE_STRIP = NO;
				DEBUG_INFORMATION_FORMAT = dwarf;
				DEVELOPMENT_TEAM = 5X492SX7JF;
				ENABLE_STRICT_OBJC_MSGSEND = YES;
				ENABLE_TESTABILITY = YES;
				ENABLE_USER_SCRIPT_SANDBOXING = YES;
				GCC_C_LANGUAGE_STANDARD = gnu17;
				GCC_DYNAMIC_NO_PIC = NO;
				GCC_NO_COMMON_BLOCKS = YES;
				GCC_OPTIMIZATION_LEVEL = 0;
				GCC_PREPROCESSOR_DEFINITIONS = (
					"DEBUG=1",
					"$(inherited)",
				);
				GCC_WARN_64_TO_32_BIT_CONVERSION = YES;
				GCC_WARN_ABOUT_RETURN_TYPE = YES_ERROR;
				GCC_WARN_UNDECLARED_SELECTOR = YES;
				GCC_WARN_UNINITIALIZED_AUTOS = YES_AGGRESSIVE;
				GCC_WARN_UNUSED_FUNCTION = YES;
				GCC_WARN_UNUSED_VARIABLE = YES;
				IPHONEOS_DEPLOYMENT_TARGET = 18.5;
				LOCALIZATION_PREFERS_STRING_CATALOGS = YES;
				MTL_ENABLE_DEBUG_INFO = INCLUDE_SOURCE;
				MTL_FAST_MATH = YES;
				ONLY_ACTIVE_ARCH = YES;
				SDKROOT = iphoneos;
				SWIFT_ACTIVE_COMPILATION_CONDITIONS = "DEBUG $(inherited)";
				SWIFT_OPTIMIZATION_LEVEL = "-Onone";
			};
			name = Debug;
		};
		55A0334C2E716489007E2A06 /* Release */ = {
			isa = XCBuildConfiguration;
			buildSettings = {
				ALWAYS_SEARCH_USER_PATHS = NO;
				ASSETCATALOG_COMPILER_GENERATE_SWIFT_ASSET_SYMBOL_EXTENSIONS = YES;
				CLANG_ANALYZER_NONNULL = YES;
				CLANG_ANALYZER_NUMBER_OBJECT_CONVERSION = YES_AGGRESSIVE;
				CLANG_CXX_LANGUAGE_STANDARD = "gnu++20";
				CLANG_ENABLE_MODULES = YES;
				CLANG_ENABLE_OBJC_ARC = YES;
				CLANG_ENABLE_OBJC_WEAK = YES;
				CLANG_WARN_BLOCK_CAPTURE_AUTORELEASING = YES;
				CLANG_WARN_BOOL_CONVERSION = YES;
				CLANG_WARN_COMMA = YES;
				CLANG_WARN_CONSTANT_CONVERSION = YES;
				CLANG_WARN_DEPRECATED_OBJC_IMPLEMENTATIONS = YES;
				CLANG_WARN_DIRECT_OBJC_ISA_USAGE = YES_ERROR;
				CLANG_WARN_DOCUMENTATION_COMMENTS = YES;
				CLANG_WARN_EMPTY_BODY = YES;
				CLANG_WARN_ENUM_CONVERSION = YES;
				CLANG_WARN_INFINITE_RECURSION = YES;
				CLANG_WARN_INT_CONVERSION = YES;
				CLANG_WARN_NON_LITERAL_NULL_CONVERSION = YES;
				CLANG_WARN_OBJC_IMPLICIT_RETAIN_SELF = YES;
				CLANG_WARN_OBJC_LITERAL_CONVERSION = YES;
				CLANG_WARN_OBJC_ROOT_CLASS = YES_ERROR;
				CLANG_WARN_QUOTED_INCLUDE_IN_FRAMEWORK_HEADER = YES;
				CLANG_WARN_RANGE_LOOP_ANALYSIS = YES;
				CLANG_WARN_STRICT_PROTOTYPES = YES;
				CLANG_WARN_SUSPICIOUS_MOVE = YES;
				CLANG_WARN_UNGUARDED_AVAILABILITY = YES_AGGRESSIVE;
				CLANG_WARN_UNREACHABLE_CODE = YES;
				CLANG_WARN__DUPLICATE_METHOD_MATCH = YES;
				COPY_PHASE_STRIP = NO;
				DEBUG_INFORMATION_FORMAT = "dwarf-with-dsym";
				DEVELOPMENT_TEAM = 5X492SX7JF;
				ENABLE_NS_ASSERTIONS = NO;
				ENABLE_STRICT_OBJC_MSGSEND = YES;
				ENABLE_USER_SCRIPT_SANDBOXING = YES;
				GCC_C_LANGUAGE_STANDARD = gnu17;
				GCC_NO_COMMON_BLOCKS = YES;
				GCC_WARN_64_TO_32_BIT_CONVERSION = YES;
				GCC_WARN_ABOUT_RETURN_TYPE = YES_ERROR;
				GCC_WARN_UNDECLARED_SELECTOR = YES;
				GCC_WARN_UNINITIALIZED_AUTOS = YES_AGGRESSIVE;
				GCC_WARN_UNUSED_FUNCTION = YES;
				GCC_WARN_UNUSED_VARIABLE = YES;
				IPHONEOS_DEPLOYMENT_TARGET = 18.5;
				LOCALIZATION_PREFERS_STRING_CATALOGS = YES;
				MTL_ENABLE_DEBUG_INFO = NO;
				MTL_FAST_MATH = YES;
				SDKROOT = iphoneos;
				SWIFT_COMPILATION_MODE = wholemodule;
				VALIDATE_PRODUCT = YES;
			};
			name = Release;
		};
		55A0334E2E716489007E2A06 /* Debug */ = {
			isa = XCBuildConfiguration;
			buildSettings = {
				ASSETCATALOG_COMPILER_APPICON_NAME = AppIcon;
				ASSETCATALOG_COMPILER_GLOBAL_ACCENT_COLOR_NAME = AccentColor;
				CODE_SIGN_STYLE = Automatic;
				CURRENT_PROJECT_VERSION = 1;
				DEVELOPMENT_TEAM = 5X492SX7JF;
				ENABLE_PREVIEWS = YES;
				GENERATE_INFOPLIST_FILE = YES;
				INFOPLIST_FILE = RunMung/Info.plist;
				INFOPLIST_KEY_NSCameraUsageDescription = "이 앱은 사진 촬영을 위해 카메라를 사용합니다.";
				INFOPLIST_KEY_NSLocationWhenInUseUsageDescription = "내 위치를 지도에서 확인하기 위해 권한이 필요합니다.";
				INFOPLIST_KEY_NSPhotoLibraryAddUsageDescription = "사진을 앨범에 저장하기 위해 접근 권한이 필요합니다.";
				INFOPLIST_KEY_NSPhotoLibraryUsageDescription = "사진을 불러오기 위해 사진 보관함 접근 권한이 필요합니다.";
				INFOPLIST_KEY_NSSupportsLiveActivities = YES;
				INFOPLIST_KEY_UIApplicationSceneManifest_Generation = YES;
				INFOPLIST_KEY_UIApplicationSupportsIndirectInputEvents = YES;
				INFOPLIST_KEY_UILaunchScreen_Generation = YES;
				INFOPLIST_KEY_UISupportedInterfaceOrientations_iPad = "UIInterfaceOrientationPortrait UIInterfaceOrientationPortraitUpsideDown UIInterfaceOrientationLandscapeLeft UIInterfaceOrientationLandscapeRight";
				INFOPLIST_KEY_UISupportedInterfaceOrientations_iPhone = "UIInterfaceOrientationPortrait UIInterfaceOrientationLandscapeLeft UIInterfaceOrientationLandscapeRight";
				INFOPLIST_KEY_UIUserInterfaceStyle = Light;
				LD_RUNPATH_SEARCH_PATHS = (
					"$(inherited)",
					"@executable_path/Frameworks",
				);
				MARKETING_VERSION = 1.0;
				PRODUCT_BUNDLE_IDENTIFIER = goraedoll.RunMung;
				PRODUCT_NAME = "$(TARGET_NAME)";
				SWIFT_EMIT_LOC_STRINGS = YES;
				SWIFT_VERSION = 5.0;
				TARGETED_DEVICE_FAMILY = "1,2";
			};
			name = Debug;
		};
		55A0334F2E716489007E2A06 /* Release */ = {
			isa = XCBuildConfiguration;
			buildSettings = {
				ASSETCATALOG_COMPILER_APPICON_NAME = AppIcon;
				ASSETCATALOG_COMPILER_GLOBAL_ACCENT_COLOR_NAME = AccentColor;
				CODE_SIGN_STYLE = Automatic;
				CURRENT_PROJECT_VERSION = 1;
				DEVELOPMENT_TEAM = 5X492SX7JF;
				ENABLE_PREVIEWS = YES;
				GENERATE_INFOPLIST_FILE = YES;
				INFOPLIST_FILE = RunMung/Info.plist;
				INFOPLIST_KEY_NSCameraUsageDescription = "이 앱은 사진 촬영을 위해 카메라를 사용합니다.";
				INFOPLIST_KEY_NSLocationWhenInUseUsageDescription = "내 위치를 지도에서 확인하기 위해 권한이 필요합니다.";
				INFOPLIST_KEY_NSPhotoLibraryAddUsageDescription = "사진을 앨범에 저장하기 위해 접근 권한이 필요합니다.";
				INFOPLIST_KEY_NSPhotoLibraryUsageDescription = "사진을 불러오기 위해 사진 보관함 접근 권한이 필요합니다.";
				INFOPLIST_KEY_NSSupportsLiveActivities = YES;
				INFOPLIST_KEY_UIApplicationSceneManifest_Generation = YES;
				INFOPLIST_KEY_UIApplicationSupportsIndirectInputEvents = YES;
				INFOPLIST_KEY_UILaunchScreen_Generation = YES;
				INFOPLIST_KEY_UISupportedInterfaceOrientations_iPad = "UIInterfaceOrientationPortrait UIInterfaceOrientationPortraitUpsideDown UIInterfaceOrientationLandscapeLeft UIInterfaceOrientationLandscapeRight";
				INFOPLIST_KEY_UISupportedInterfaceOrientations_iPhone = "UIInterfaceOrientationPortrait UIInterfaceOrientationLandscapeLeft UIInterfaceOrientationLandscapeRight";
				INFOPLIST_KEY_UIUserInterfaceStyle = Light;
				LD_RUNPATH_SEARCH_PATHS = (
					"$(inherited)",
					"@executable_path/Frameworks",
				);
				MARKETING_VERSION = 1.0;
				PRODUCT_BUNDLE_IDENTIFIER = goraedoll.RunMung;
				PRODUCT_NAME = "$(TARGET_NAME)";
				SWIFT_EMIT_LOC_STRINGS = YES;
				SWIFT_VERSION = 5.0;
				TARGETED_DEVICE_FAMILY = "1,2";
			};
			name = Release;
		};
		55A033512E716489007E2A06 /* Debug */ = {
			isa = XCBuildConfiguration;
			buildSettings = {
				BUNDLE_LOADER = "$(TEST_HOST)";
				CODE_SIGN_STYLE = Automatic;
				CURRENT_PROJECT_VERSION = 1;
				DEVELOPMENT_TEAM = 5X492SX7JF;
				GENERATE_INFOPLIST_FILE = YES;
				IPHONEOS_DEPLOYMENT_TARGET = 18.5;
				MARKETING_VERSION = 1.0;
				PRODUCT_BUNDLE_IDENTIFIER = goraedoll.RunMungTests;
				PRODUCT_NAME = "$(TARGET_NAME)";
				SWIFT_EMIT_LOC_STRINGS = NO;
				SWIFT_VERSION = 5.0;
				TARGETED_DEVICE_FAMILY = "1,2";
				TEST_HOST = "$(BUILT_PRODUCTS_DIR)/RunMung.app/$(BUNDLE_EXECUTABLE_FOLDER_PATH)/RunMung";
			};
			name = Debug;
		};
		55A033522E716489007E2A06 /* Release */ = {
			isa = XCBuildConfiguration;
			buildSettings = {
				BUNDLE_LOADER = "$(TEST_HOST)";
				CODE_SIGN_STYLE = Automatic;
				CURRENT_PROJECT_VERSION = 1;
				DEVELOPMENT_TEAM = 5X492SX7JF;
				GENERATE_INFOPLIST_FILE = YES;
				IPHONEOS_DEPLOYMENT_TARGET = 18.5;
				MARKETING_VERSION = 1.0;
				PRODUCT_BUNDLE_IDENTIFIER = goraedoll.RunMungTests;
				PRODUCT_NAME = "$(TARGET_NAME)";
				SWIFT_EMIT_LOC_STRINGS = NO;
				SWIFT_VERSION = 5.0;
				TARGETED_DEVICE_FAMILY = "1,2";
				TEST_HOST = "$(BUILT_PRODUCTS_DIR)/RunMung.app/$(BUNDLE_EXECUTABLE_FOLDER_PATH)/RunMung";
			};
			name = Release;
		};
		55A033542E716489007E2A06 /* Debug */ = {
			isa = XCBuildConfiguration;
			buildSettings = {
				CODE_SIGN_STYLE = Automatic;
				CURRENT_PROJECT_VERSION = 1;
				DEVELOPMENT_TEAM = 5X492SX7JF;
				GENERATE_INFOPLIST_FILE = YES;
				MARKETING_VERSION = 1.0;
				PRODUCT_BUNDLE_IDENTIFIER = goraedoll.RunMungUITests;
				PRODUCT_NAME = "$(TARGET_NAME)";
				SWIFT_EMIT_LOC_STRINGS = NO;
				SWIFT_VERSION = 5.0;
				TARGETED_DEVICE_FAMILY = "1,2";
				TEST_TARGET_NAME = RunMung;
			};
			name = Debug;
		};
		55A033552E716489007E2A06 /* Release */ = {
			isa = XCBuildConfiguration;
			buildSettings = {
				CODE_SIGN_STYLE = Automatic;
				CURRENT_PROJECT_VERSION = 1;
				DEVELOPMENT_TEAM = 5X492SX7JF;
				GENERATE_INFOPLIST_FILE = YES;
				MARKETING_VERSION = 1.0;
				PRODUCT_BUNDLE_IDENTIFIER = goraedoll.RunMungUITests;
				PRODUCT_NAME = "$(TARGET_NAME)";
				SWIFT_EMIT_LOC_STRINGS = NO;
				SWIFT_VERSION = 5.0;
				TARGETED_DEVICE_FAMILY = "1,2";
				TEST_TARGET_NAME = RunMung;
			};
			name = Release;
		};
		55A521D32E7C159600C02BC3 /* Debug */ = {
			isa = XCBuildConfiguration;
			buildSettings = {
				ASSETCATALOG_COMPILER_GLOBAL_ACCENT_COLOR_NAME = AccentColor;
				ASSETCATALOG_COMPILER_WIDGET_BACKGROUND_COLOR_NAME = WidgetBackground;
				CODE_SIGN_STYLE = Automatic;
				CURRENT_PROJECT_VERSION = 1;
				DEVELOPMENT_TEAM = 5X492SX7JF;
				GENERATE_INFOPLIST_FILE = YES;
				INFOPLIST_FILE = RunMungWidgetExtension/Info.plist;
				INFOPLIST_KEY_CFBundleDisplayName = RunMungWidgetExtension;
				INFOPLIST_KEY_LSApplicationCategoryType = "";
				INFOPLIST_KEY_NSHumanReadableCopyright = "";
				LD_RUNPATH_SEARCH_PATHS = (
					"$(inherited)",
					"@executable_path/Frameworks",
					"@executable_path/../../Frameworks",
				);
				MARKETING_VERSION = 1.0;
				PRODUCT_BUNDLE_IDENTIFIER = goraedoll.RunMung.RunMungWidgetExtension;
				PRODUCT_NAME = "$(TARGET_NAME)";
				SKIP_INSTALL = YES;
				SWIFT_EMIT_LOC_STRINGS = YES;
				SWIFT_VERSION = 5.0;
				TARGETED_DEVICE_FAMILY = "1,2";
			};
			name = Debug;
		};
		55A521D42E7C159600C02BC3 /* Release */ = {
			isa = XCBuildConfiguration;
			buildSettings = {
				ASSETCATALOG_COMPILER_GLOBAL_ACCENT_COLOR_NAME = AccentColor;
				ASSETCATALOG_COMPILER_WIDGET_BACKGROUND_COLOR_NAME = WidgetBackground;
				CODE_SIGN_STYLE = Automatic;
				CURRENT_PROJECT_VERSION = 1;
				DEVELOPMENT_TEAM = 5X492SX7JF;
				GENERATE_INFOPLIST_FILE = YES;
				INFOPLIST_FILE = RunMungWidgetExtension/Info.plist;
				INFOPLIST_KEY_CFBundleDisplayName = RunMungWidgetExtension;
				INFOPLIST_KEY_LSApplicationCategoryType = "";
				INFOPLIST_KEY_NSHumanReadableCopyright = "";
				LD_RUNPATH_SEARCH_PATHS = (
					"$(inherited)",
					"@executable_path/Frameworks",
					"@executable_path/../../Frameworks",
				);
				MARKETING_VERSION = 1.0;
				PRODUCT_BUNDLE_IDENTIFIER = goraedoll.RunMung.RunMungWidgetExtension;
				PRODUCT_NAME = "$(TARGET_NAME)";
				SKIP_INSTALL = YES;
				SWIFT_EMIT_LOC_STRINGS = YES;
				SWIFT_VERSION = 5.0;
				TARGETED_DEVICE_FAMILY = "1,2";
			};
			name = Release;
		};
/* End XCBuildConfiguration section */

/* Begin XCConfigurationList section */
		55A033252E716487007E2A06 /* Build configuration list for PBXProject "RunMung" */ = {
			isa = XCConfigurationList;
			buildConfigurations = (
				55A0334B2E716489007E2A06 /* Debug */,
				55A0334C2E716489007E2A06 /* Release */,
			);
			defaultConfigurationIsVisible = 0;
			defaultConfigurationName = Release;
		};
		55A0334D2E716489007E2A06 /* Build configuration list for PBXNativeTarget "RunMung" */ = {
			isa = XCConfigurationList;
			buildConfigurations = (
				55A0334E2E716489007E2A06 /* Debug */,
				55A0334F2E716489007E2A06 /* Release */,
			);
			defaultConfigurationIsVisible = 0;
			defaultConfigurationName = Release;
		};
		55A033502E716489007E2A06 /* Build configuration list for PBXNativeTarget "RunMungTests" */ = {
			isa = XCConfigurationList;
			buildConfigurations = (
				55A033512E716489007E2A06 /* Debug */,
				55A033522E716489007E2A06 /* Release */,
			);
			defaultConfigurationIsVisible = 0;
			defaultConfigurationName = Release;
		};
		55A033532E716489007E2A06 /* Build configuration list for PBXNativeTarget "RunMungUITests" */ = {
			isa = XCConfigurationList;
			buildConfigurations = (
				55A033542E716489007E2A06 /* Debug */,
				55A033552E716489007E2A06 /* Release */,
			);
			defaultConfigurationIsVisible = 0;
			defaultConfigurationName = Release;
		};
		55A521D22E7C159600C02BC3 /* Build configuration list for PBXNativeTarget "RunMungWidgetExtensionExtension" */ = {
			isa = XCConfigurationList;
			buildConfigurations = (
				55A521D32E7C159600C02BC3 /* Debug */,
				55A521D42E7C159600C02BC3 /* Release */,
			);
			defaultConfigurationIsVisible = 0;
			defaultConfigurationName = Release;
		};
/* End XCConfigurationList section */
	};
	rootObject = 55A033222E716487007E2A06 /* Project object */;
}
